
Microsoft Visual Studio Solution File, Format Version 12.00
# Visual Studio 15
VisualStudioVersion = 15.0.25807.0
MinimumVisualStudioVersion = 10.0.40219.1
Project("{2150E333-8FDC-42A3-9474-1A3956D46DE8}") = "Engine", "Engine", "{A7BCFC9F-F276-4394-9AD8-E39567998CDE}"
EndProject
Project("{2150E333-8FDC-42A3-9474-1A3956D46DE8}") = "Games", "Games", "{1D156094-823E-4983-828A-AB1FEDF31D1B}"
EndProject
Project("{8BC9CEB8-8B4A-11D0-8D11-00A0C91BC942}") = "UE4", "Intermediate\ProjectFiles\UE4.vcxproj", "{14C878ED-90B2-407A-82CB-7AFF5DFF38FD}"
EndProject
Project("{8BC9CEB8-8B4A-11D0-8D11-00A0C91BC942}") = "SW", "Intermediate\ProjectFiles\SW.vcxproj", "{1D9B9C12-5336-4CCD-96B0-35FC222A7A5E}"
EndProject
Global
	GlobalSection(SolutionConfigurationPlatforms) = preSolution
		DebugGame Editor|HTML5 = DebugGame Editor|HTML5
		DebugGame Editor|Win32 = DebugGame Editor|Win32
		DebugGame Editor|Win64 = DebugGame Editor|Win64
		DebugGame|HTML5 = DebugGame|HTML5
		DebugGame|Win32 = DebugGame|Win32
		DebugGame|Win64 = DebugGame|Win64
		Development Editor|HTML5 = Development Editor|HTML5
		Development Editor|Win32 = Development Editor|Win32
		Development Editor|Win64 = Development Editor|Win64
		Development|HTML5 = Development|HTML5
		Development|Win32 = Development|Win32
		Development|Win64 = Development|Win64
		Shipping|HTML5 = Shipping|HTML5
		Shipping|Win32 = Shipping|Win32
		Shipping|Win64 = Shipping|Win64
	EndGlobalSection
	GlobalSection(ProjectConfigurationPlatforms) = postSolution
		{14C878ED-90B2-407A-82CB-7AFF5DFF38FD}.DebugGame Editor|HTML5.ActiveCfg = BuiltWithUnrealBuildTool|Win32
		{14C878ED-90B2-407A-82CB-7AFF5DFF38FD}.DebugGame Editor|HTML5.Build.0 = BuiltWithUnrealBuildTool|Win32
		{14C878ED-90B2-407A-82CB-7AFF5DFF38FD}.DebugGame Editor|Win32.ActiveCfg = BuiltWithUnrealBuildTool|Win32
		{14C878ED-90B2-407A-82CB-7AFF5DFF38FD}.DebugGame Editor|Win32.Build.0 = BuiltWithUnrealBuildTool|Win32
		{14C878ED-90B2-407A-82CB-7AFF5DFF38FD}.DebugGame Editor|Win64.ActiveCfg = BuiltWithUnrealBuildTool|Win32
		{14C878ED-90B2-407A-82CB-7AFF5DFF38FD}.DebugGame Editor|Win64.Build.0 = BuiltWithUnrealBuildTool|Win32
		{14C878ED-90B2-407A-82CB-7AFF5DFF38FD}.DebugGame|HTML5.ActiveCfg = BuiltWithUnrealBuildTool|Win32
		{14C878ED-90B2-407A-82CB-7AFF5DFF38FD}.DebugGame|HTML5.Build.0 = BuiltWithUnrealBuildTool|Win32
		{14C878ED-90B2-407A-82CB-7AFF5DFF38FD}.DebugGame|Win32.ActiveCfg = BuiltWithUnrealBuildTool|Win32
		{14C878ED-90B2-407A-82CB-7AFF5DFF38FD}.DebugGame|Win32.Build.0 = BuiltWithUnrealBuildTool|Win32
		{14C878ED-90B2-407A-82CB-7AFF5DFF38FD}.DebugGame|Win64.ActiveCfg = BuiltWithUnrealBuildTool|Win32
		{14C878ED-90B2-407A-82CB-7AFF5DFF38FD}.DebugGame|Win64.Build.0 = BuiltWithUnrealBuildTool|Win32
		{14C878ED-90B2-407A-82CB-7AFF5DFF38FD}.Development Editor|HTML5.ActiveCfg = BuiltWithUnrealBuildTool|Win32
		{14C878ED-90B2-407A-82CB-7AFF5DFF38FD}.Development Editor|HTML5.Build.0 = BuiltWithUnrealBuildTool|Win32
		{14C878ED-90B2-407A-82CB-7AFF5DFF38FD}.Development Editor|Win32.ActiveCfg = BuiltWithUnrealBuildTool|Win32
		{14C878ED-90B2-407A-82CB-7AFF5DFF38FD}.Development Editor|Win32.Build.0 = BuiltWithUnrealBuildTool|Win32
		{14C878ED-90B2-407A-82CB-7AFF5DFF38FD}.Development Editor|Win64.ActiveCfg = BuiltWithUnrealBuildTool|Win32
		{14C878ED-90B2-407A-82CB-7AFF5DFF38FD}.Development Editor|Win64.Build.0 = BuiltWithUnrealBuildTool|Win32
		{14C878ED-90B2-407A-82CB-7AFF5DFF38FD}.Development|HTML5.ActiveCfg = BuiltWithUnrealBuildTool|Win32
		{14C878ED-90B2-407A-82CB-7AFF5DFF38FD}.Development|HTML5.Build.0 = BuiltWithUnrealBuildTool|Win32
		{14C878ED-90B2-407A-82CB-7AFF5DFF38FD}.Development|Win32.ActiveCfg = BuiltWithUnrealBuildTool|Win32
		{14C878ED-90B2-407A-82CB-7AFF5DFF38FD}.Development|Win32.Build.0 = BuiltWithUnrealBuildTool|Win32
		{14C878ED-90B2-407A-82CB-7AFF5DFF38FD}.Development|Win64.ActiveCfg = BuiltWithUnrealBuildTool|Win32
		{14C878ED-90B2-407A-82CB-7AFF5DFF38FD}.Development|Win64.Build.0 = BuiltWithUnrealBuildTool|Win32
		{14C878ED-90B2-407A-82CB-7AFF5DFF38FD}.Shipping|HTML5.ActiveCfg = BuiltWithUnrealBuildTool|Win32
		{14C878ED-90B2-407A-82CB-7AFF5DFF38FD}.Shipping|HTML5.Build.0 = BuiltWithUnrealBuildTool|Win32
		{14C878ED-90B2-407A-82CB-7AFF5DFF38FD}.Shipping|Win32.ActiveCfg = BuiltWithUnrealBuildTool|Win32
		{14C878ED-90B2-407A-82CB-7AFF5DFF38FD}.Shipping|Win32.Build.0 = BuiltWithUnrealBuildTool|Win32
		{14C878ED-90B2-407A-82CB-7AFF5DFF38FD}.Shipping|Win64.ActiveCfg = BuiltWithUnrealBuildTool|Win32
		{14C878ED-90B2-407A-82CB-7AFF5DFF38FD}.Shipping|Win64.Build.0 = BuiltWithUnrealBuildTool|Win32
		{1D9B9C12-5336-4CCD-96B0-35FC222A7A5E}.DebugGame Editor|HTML5.ActiveCfg = HTML5_DebugGame_Editor|Win32
		{1D9B9C12-5336-4CCD-96B0-35FC222A7A5E}.DebugGame Editor|Win32.ActiveCfg = DebugGame_Editor|Win32
		{1D9B9C12-5336-4CCD-96B0-35FC222A7A5E}.DebugGame Editor|Win64.ActiveCfg = DebugGame_Editor|x64
		{1D9B9C12-5336-4CCD-96B0-35FC222A7A5E}.DebugGame Editor|Win64.Build.0 = DebugGame_Editor|x64
		{1D9B9C12-5336-4CCD-96B0-35FC222A7A5E}.DebugGame|HTML5.ActiveCfg = HTML5_DebugGame_Game|Win32
		{1D9B9C12-5336-4CCD-96B0-35FC222A7A5E}.DebugGame|HTML5.Build.0 = HTML5_DebugGame_Game|Win32
		{1D9B9C12-5336-4CCD-96B0-35FC222A7A5E}.DebugGame|Win32.ActiveCfg = DebugGame_Game|Win32
		{1D9B9C12-5336-4CCD-96B0-35FC222A7A5E}.DebugGame|Win32.Build.0 = DebugGame_Game|Win32
		{1D9B9C12-5336-4CCD-96B0-35FC222A7A5E}.DebugGame|Win64.ActiveCfg = DebugGame_Game|x64
		{1D9B9C12-5336-4CCD-96B0-35FC222A7A5E}.DebugGame|Win64.Build.0 = DebugGame_Game|x64
		{1D9B9C12-5336-4CCD-96B0-35FC222A7A5E}.Development Editor|HTML5.ActiveCfg = HTML5_Development_Editor|Win32
		{1D9B9C12-5336-4CCD-96B0-35FC222A7A5E}.Development Editor|Win32.ActiveCfg = Development_Editor|Win32
		{1D9B9C12-5336-4CCD-96B0-35FC222A7A5E}.Development Editor|Win64.ActiveCfg = Development_Editor|x64
		{1D9B9C12-5336-4CCD-96B0-35FC222A7A5E}.Development Editor|Win64.Build.0 = Development_Editor|x64
		{1D9B9C12-5336-4CCD-96B0-35FC222A7A5E}.Development|HTML5.ActiveCfg = HTML5_Development_Game|Win32
		{1D9B9C12-5336-4CCD-96B0-35FC222A7A5E}.Development|HTML5.Build.0 = HTML5_Development_Game|Win32
		{1D9B9C12-5336-4CCD-96B0-35FC222A7A5E}.Development|Win32.ActiveCfg = Development_Game|Win32
		{1D9B9C12-5336-4CCD-96B0-35FC222A7A5E}.Development|Win32.Build.0 = Development_Game|Win32
		{1D9B9C12-5336-4CCD-96B0-35FC222A7A5E}.Development|Win64.ActiveCfg = Development_Game|x64
		{1D9B9C12-5336-4CCD-96B0-35FC222A7A5E}.Development|Win64.Build.0 = Development_Game|x64
		{1D9B9C12-5336-4CCD-96B0-35FC222A7A5E}.Shipping|HTML5.ActiveCfg = HTML5_Shipping_Game|Win32
		{1D9B9C12-5336-4CCD-96B0-35FC222A7A5E}.Shipping|HTML5.Build.0 = HTML5_Shipping_Game|Win32
		{1D9B9C12-5336-4CCD-96B0-35FC222A7A5E}.Shipping|Win32.ActiveCfg = Shipping_Game|Win32
		{1D9B9C12-5336-4CCD-96B0-35FC222A7A5E}.Shipping|Win32.Build.0 = Shipping_Game|Win32
		{1D9B9C12-5336-4CCD-96B0-35FC222A7A5E}.Shipping|Win64.ActiveCfg = Shipping_Game|x64
		{1D9B9C12-5336-4CCD-96B0-35FC222A7A5E}.Shipping|Win64.Build.0 = Shipping_Game|x64
	EndGlobalSection
	GlobalSection(SolutionProperties) = preSolution
		HideSolutionNode = FALSE
	EndGlobalSection
	GlobalSection(NestedProjects) = preSolution
		{14C878ED-90B2-407A-82CB-7AFF5DFF38FD} = {A7BCFC9F-F276-4394-9AD8-E39567998CDE}
		{1D9B9C12-5336-4CCD-96B0-35FC222A7A5E} = {1D156094-823E-4983-828A-AB1FEDF31D1B}
	EndGlobalSection
	GlobalSection(ExtensibilityGlobals) = postSolution
		SolutionGuid = {7EB8C0EE-8909-46EA-A72D-8306AD2A7DD3}
	EndGlobalSection
EndGlobal
